Microsoft Visual Studio Solution File, Format Version 8.00
Project("{8BC9CEB8-8B4A-11D0-8D11-00A0C91BC942}") = "tests", "tests.vcproj", "{CD1359BB-FC3E-4F02-BBE8-DE4297746E9A}"
	ProjectSection(ProjectDependencies) = postProject
	EndProjectSection
EndProject
Global
	GlobalSection(SolutionConfiguration) = preSolution
		Debug = Debug
		Release = Release
	EndGlobalSection
	GlobalSection(ProjectConfiguration) = postSolution
		{CD1359BB-FC3E-4F02-BBE8-DE4297746E9A}.Debug.ActiveCfg = Debug|Win32
		{CD1359BB-FC3E-4F02-BBE8-DE4297746E9A}.Debug.Build.0 = Debug|Win32
		{CD1359BB-FC3E-4F02-BBE8-DE4297746E9A}.Release.ActiveCfg = Release|Win32
		{CD1359BB-FC3E-4F02-BBE8-DE4297746E9A}.Release.Build.0 = Release|Win32
	EndGlobalSection
	GlobalSection(ExtensibilityGlobals) = postSolution
	EndGlobalSection
	GlobalSection(ExtensibilityAddIns) = postSolution
	EndGlobalSection
EndGlobal
