Microsoft Visual Studio Solution File, Format Version 8.00
Project("{8BC9CEB8-8B4A-11D0-8D11-00A0C91BC942}") = "solver", "solver.vcproj", "{D6687210-8EF0-40D0-A53B-9246216EE6E2}"
	ProjectSection(ProjectDependencies) = postProject
	EndProjectSection
EndProject
Global
	GlobalSection(SolutionConfiguration) = preSolution
		Debug = Debug
		Release = Release
	EndGlobalSection
	GlobalSection(ProjectConfiguration) = postSolution
		{D6687210-8EF0-40D0-A53B-9246216EE6E2}.Debug.ActiveCfg = Debug|Win32
		{D6687210-8EF0-40D0-A53B-9246216EE6E2}.Debug.Build.0 = Debug|Win32
		{D6687210-8EF0-40D0-A53B-9246216EE6E2}.Release.ActiveCfg = Release|Win32
		{D6687210-8EF0-40D0-A53B-9246216EE6E2}.Release.Build.0 = Release|Win32
	EndGlobalSection
	GlobalSection(ExtensibilityGlobals) = postSolution
	EndGlobalSection
	GlobalSection(ExtensibilityAddIns) = postSolution
	EndGlobalSection
EndGlobal
